{
  "nodes": {
    "fenix": {
      "inputs": {
        "nixpkgs": [
          "nixpkgs"
        ],
        "rust-analyzer-src": "rust-analyzer-src"
      },
      "locked": {
        "lastModified": 1645856655,
        "narHash": "sha256-YWyBLPqe9FbEMc3ATs7QhOImgMvAY6ikPgRAzexzVcg=",
        "owner": "nix-community",
        "repo": "fenix",
        "rev": "dcb7ebe94999dc84da08b6b8fd88d86030b71302",
        "type": "github"
      },
      "original": {
        "owner": "nix-community",
        "repo": "fenix",
        "type": "github"
      }
    },
    "flakeUtils": {
      "locked": {
        "lastModified": 1634851050,
        "narHash": "sha256-N83GlSGPJJdcqhUxSCS/WwW5pksYf3VP1M13cDRTSVA=",
        "owner": "numtide",
        "repo": "flake-utils",
        "rev": "c91f3de5adaf1de973b797ef7485e441a65b8935",
        "type": "github"
      },
      "original": {
        "owner": "numtide",
        "repo": "flake-utils",
        "type": "github"
      }
    },
    "homeManager": {
      "inputs": {
        "nixpkgs": [
          "nixpkgs"
        ]
      },
      "locked": {
        "lastModified": 1645867939,
        "narHash": "sha256-p3vHHMM5W6ojmStJqKpLvdnzxxKGG015U7OK6PJE8lo=",
        "owner": "nix-community",
        "repo": "home-manager",
        "rev": "c7a13f76a78bb5c225ca5e08e9a109347d130792",
        "type": "github"
      },
      "original": {
        "owner": "nix-community",
        "ref": "master",
        "repo": "home-manager",
        "type": "github"
      }
    },
    "makes": {
      "inputs": {
        "nixpkgs": [
          "nixpkgs"
        ]
      },
      "locked": {
        "lastModified": 1645832410,
        "narHash": "sha256-p6Tg1s9FPuGLddkh7awX7yZ8GRNT5JpxsaVt+dHrZO4=",
        "owner": "fluidattacks",
        "repo": "makes",
        "rev": "33d4da5878fe18fe8fdd85b5c457c060341c97be",
        "type": "github"
      },
      "original": {
        "owner": "fluidattacks",
        "ref": "main",
        "repo": "makes",
        "type": "github"
      }
    },
    "nixlib": {
      "locked": {
        "lastModified": 1636849918,
        "narHash": "sha256-nzUK6dPcTmNVrgTAC1EOybSMsrcx+QrVPyqRdyKLkjA=",
        "owner": "nix-community",
        "repo": "nixpkgs.lib",
        "rev": "28a5b0557f14124608db68d3ee1f77e9329e9dd5",
        "type": "github"
      },
      "original": {
        "owner": "nix-community",
        "repo": "nixpkgs.lib",
        "type": "github"
      }
    },
    "nixosGenerators": {
      "inputs": {
        "nixlib": "nixlib",
        "nixpkgs": [
          "nixpkgs"
        ]
      },
      "locked": {
        "lastModified": 1645800619,
        "narHash": "sha256-fCamVUDH0+nACV1P/rqtoD4YGon5HhnW3bU/0IjA8qI=",
        "owner": "nix-community",
        "repo": "nixos-generators",
        "rev": "05773c5d1584cebd5eda41675c3456dcabdef42a",
        "type": "github"
      },
      "original": {
        "owner": "nix-community",
        "repo": "nixos-generators",
        "type": "github"
      }
    },
    "nixpkgs": {
      "locked": {
        "lastModified": 1645623357,
        "narHash": "sha256-vAaI91QFn/kY/uMiebW+kG2mPmxirMSJWYtkqkBKdDc=",
        "owner": "nixos",
        "repo": "nixpkgs",
        "rev": "9222ae36b208d1c6b55d88e10aa68f969b5b5244",
        "type": "github"
      },
      "original": {
        "owner": "nixos",
        "ref": "nixpkgs-unstable",
        "repo": "nixpkgs",
        "type": "github"
      }
    },
    "pythonOnNix": {
      "inputs": {
        "flakeUtils": "flakeUtils",
        "makes": [
          "makes"
        ],
        "nixpkgs": [
          "nixpkgs"
        ]
      },
      "locked": {
        "lastModified": 1645050509,
        "narHash": "sha256-ztjlewuOjRdAO/xxb/31UxicNpvvs8xqMM09HZcj9L0=",
        "owner": "on-nix",
        "repo": "python",
        "rev": "81c5d395c61ac708b2a584348bfea29e53e4eb74",
        "type": "github"
      },
      "original": {
        "owner": "on-nix",
        "ref": "main",
        "repo": "python",
        "type": "github"
      }
    },
    "root": {
      "inputs": {
        "fenix": "fenix",
        "homeManager": "homeManager",
        "makes": "makes",
        "nixosGenerators": "nixosGenerators",
        "nixpkgs": "nixpkgs",
        "pythonOnNix": "pythonOnNix"
      }
    },
    "rust-analyzer-src": {
      "flake": false,
      "locked": {
        "lastModified": 1645823844,
        "narHash": "sha256-zCrxupBXHKm9pakFTcxng/PMbAmiRRK58ZewtBfwc50=",
        "owner": "rust-analyzer",
        "repo": "rust-analyzer",
        "rev": "a2cc1d6b7b499d6b03436db7fc8053aea72f75ac",
        "type": "github"
      },
      "original": {
        "owner": "rust-analyzer",
        "ref": "nightly",
        "repo": "rust-analyzer",
        "type": "github"
      }
    }
  },
  "root": "root",
  "version": 7
}
