{
  "nodes": {
    "alejandra": {
      "inputs": {
        "fenix": [
          "fenix"
        ],
        "flakeCompat": "flakeCompat",
        "nixpkgs": [
          "nixpkgs"
        ]
      },
      "locked": {
        "lastModified": 1668317688,
        "narHash": "sha256-wC04cwcKyV2TUYXqMibFWkq7WOMIXHw5DrfAJrWHzgI=",
        "owner": "kamadorueda",
        "repo": "alejandra",
        "rev": "378cde949be70caea431682756b36552a58e965d",
        "type": "github"
      },
      "original": {
        "owner": "kamadorueda",
        "repo": "alejandra",
        "type": "github"
      }
    },
    "fenix": {
      "inputs": {
        "nixpkgs": [
          "nixpkgs"
        ],
        "rust-analyzer-src": "rust-analyzer-src"
      },
      "locked": {
        "lastModified": 1668617169,
        "narHash": "sha256-XaKT5vv6eFbccqKH+qGqedmuPl/Aer02wbKfp1oqfzE=",
        "owner": "nix-community",
        "repo": "fenix",
        "rev": "70e658a26c8e5f739cae29c1276e8de0752524e1",
        "type": "github"
      },
      "original": {
        "owner": "nix-community",
        "repo": "fenix",
        "type": "github"
      }
    },
    "flakeCompat": {
      "flake": false,
      "locked": {
        "lastModified": 1650374568,
        "narHash": "sha256-Z+s0J8/r907g149rllvwhb4pKi8Wam5ij0st8PwAh+E=",
        "owner": "edolstra",
        "repo": "flake-compat",
        "rev": "b4a34015c698c7793d592d66adbab377907a2be8",
        "type": "github"
      },
      "original": {
        "owner": "edolstra",
        "repo": "flake-compat",
        "type": "github"
      }
    },
    "flakeUtils": {
      "locked": {
        "lastModified": 1634851050,
        "narHash": "sha256-N83GlSGPJJdcqhUxSCS/WwW5pksYf3VP1M13cDRTSVA=",
        "owner": "numtide",
        "repo": "flake-utils",
        "rev": "c91f3de5adaf1de973b797ef7485e441a65b8935",
        "type": "github"
      },
      "original": {
        "owner": "numtide",
        "repo": "flake-utils",
        "type": "github"
      }
    },
    "homeManager": {
      "inputs": {
        "nixpkgs": [
          "nixpkgs"
        ],
        "utils": "utils"
      },
      "locked": {
        "lastModified": 1668332334,
        "narHash": "sha256-YT1qcE/MCqBO1Bi/Yr6GcFpNKsvmzrBKh8juyXDbxQc=",
        "owner": "nix-community",
        "repo": "home-manager",
        "rev": "bc90de24d898655542589237cc0a6ada7564cb6c",
        "type": "github"
      },
      "original": {
        "owner": "nix-community",
        "ref": "master",
        "repo": "home-manager",
        "type": "github"
      }
    },
    "makes": {
      "inputs": {
        "nixpkgs": [
          "nixpkgs"
        ]
      },
      "locked": {
        "lastModified": 1667947289,
        "narHash": "sha256-ontj9E7uSrYoA7mbWUh0jM7Rx1iHS/cmsI+wz5np2sQ=",
        "owner": "fluidattacks",
        "repo": "makes",
        "rev": "d292222d3b282ef770feb2ff7efdd9df4634f675",
        "type": "github"
      },
      "original": {
        "owner": "fluidattacks",
        "ref": "main",
        "repo": "makes",
        "type": "github"
      }
    },
    "nixlib": {
      "locked": {
        "lastModified": 1636849918,
        "narHash": "sha256-nzUK6dPcTmNVrgTAC1EOybSMsrcx+QrVPyqRdyKLkjA=",
        "owner": "nix-community",
        "repo": "nixpkgs.lib",
        "rev": "28a5b0557f14124608db68d3ee1f77e9329e9dd5",
        "type": "github"
      },
      "original": {
        "owner": "nix-community",
        "repo": "nixpkgs.lib",
        "type": "github"
      }
    },
    "nixosGenerators": {
      "inputs": {
        "nixlib": "nixlib",
        "nixpkgs": [
          "nixpkgs"
        ]
      },
      "locked": {
        "lastModified": 1666812839,
        "narHash": "sha256-0nBDgjPU+iDsvz89W+cDEyhnFGSwCJmwDl/gMGqYiU0=",
        "owner": "nix-community",
        "repo": "nixos-generators",
        "rev": "41f3518bc194389df22a3d198215eae75e6b5ab9",
        "type": "github"
      },
      "original": {
        "owner": "nix-community",
        "repo": "nixos-generators",
        "type": "github"
      }
    },
    "nixosHardware": {
      "locked": {
        "lastModified": 1668334946,
        "narHash": "sha256-omMbUj4r5DVBWh7KxkoO/Z/1V1shVR6Ls4jXNB4mr3U=",
        "owner": "nixos",
        "repo": "nixos-hardware",
        "rev": "e0452b33ab0ef16ffe075e980644ed92a6a200bb",
        "type": "github"
      },
      "original": {
        "owner": "nixos",
        "ref": "master",
        "repo": "nixos-hardware",
        "type": "github"
      }
    },
    "nixpkgs": {
      "locked": {
        "lastModified": 1668568764,
        "narHash": "sha256-8lzcK4mAt0W+DbWVm2RnE33uRT+O/lgvysrKKDuHdSo=",
        "owner": "nixos",
        "repo": "nixpkgs",
        "rev": "10181346e6db3f327700e944cc73e0ea4ae44099",
        "type": "github"
      },
      "original": {
        "owner": "nixos",
        "ref": "nixos-unstable-small",
        "repo": "nixpkgs",
        "type": "github"
      }
    },
    "pythonOnNix": {
      "inputs": {
        "flakeUtils": "flakeUtils",
        "makes": [
          "makes"
        ],
        "nixpkgs": [
          "nixpkgs"
        ]
      },
      "locked": {
        "lastModified": 1667928309,
        "narHash": "sha256-Vvgr30wxGnNY8+iHHo7BfN2b4I7lZG8ZR/uGTcQ3R3w=",
        "owner": "on-nix",
        "repo": "python",
        "rev": "20f3103372515a92e3cc750cfa3caf4a15cf0962",
        "type": "github"
      },
      "original": {
        "owner": "on-nix",
        "ref": "main",
        "repo": "python",
        "type": "github"
      }
    },
    "root": {
      "inputs": {
        "alejandra": "alejandra",
        "fenix": "fenix",
        "homeManager": "homeManager",
        "makes": "makes",
        "nixosGenerators": "nixosGenerators",
        "nixosHardware": "nixosHardware",
        "nixpkgs": "nixpkgs",
        "pythonOnNix": "pythonOnNix"
      }
    },
    "rust-analyzer-src": {
      "flake": false,
      "locked": {
        "lastModified": 1668513567,
        "narHash": "sha256-13InfXUmulMYDa8wmQ2MRzqjuNcmjAqmpc2cnVCiRg8=",
        "owner": "rust-lang",
        "repo": "rust-analyzer",
        "rev": "0dd0dfb7dfe723bbfa81197c23d73c9bdc4022c1",
        "type": "github"
      },
      "original": {
        "owner": "rust-lang",
        "ref": "nightly",
        "repo": "rust-analyzer",
        "type": "github"
      }
    },
    "utils": {
      "locked": {
        "lastModified": 1667395993,
        "narHash": "sha256-nuEHfE/LcWyuSWnS8t12N1wc105Qtau+/OdUAjtQ0rA=",
        "owner": "numtide",
        "repo": "flake-utils",
        "rev": "5aed5285a952e0b949eb3ba02c12fa4fcfef535f",
        "type": "github"
      },
      "original": {
        "owner": "numtide",
        "repo": "flake-utils",
        "type": "github"
      }
    }
  },
  "root": "root",
  "version": 7
}
