{
  "nodes": {
    "flakeCompat": {
      "flake": false,
      "locked": {
        "lastModified": 1606424373,
        "narHash": "sha256-oq8d4//CJOrVj+EcOaSXvMebvuTkmBJuT5tzlfewUnQ=",
        "owner": "edolstra",
        "repo": "flake-compat",
        "rev": "99f1c2157fba4bfe6211a321fd0ee43199025dbf",
        "type": "github"
      },
      "original": {
        "owner": "edolstra",
        "repo": "flake-compat",
        "type": "github"
      }
    },
    "homeManager": {
      "inputs": {
        "nixpkgs": "nixpkgs"
      },
      "locked": {
        "lastModified": 1623251710,
        "narHash": "sha256-eCMquRJXAzzFgNcTO4jQqp8D40N0jSA58+oqhyOrEbU=",
        "owner": "nix-community",
        "repo": "home-manager",
        "rev": "42847469b3f65a363dc52b66be09d0ac4edcc55c",
        "type": "github"
      },
      "original": {
        "owner": "nix-community",
        "repo": "home-manager",
        "type": "github"
      }
    },
    "nixpkgs": {
      "locked": {
        "lastModified": 1623288349,
        "narHash": "sha256-/jTEXleEvw0XHS4zw16OT514pk7vdZCDW++VxJBpgWg=",
        "owner": "NixOS",
        "repo": "nixpkgs",
        "rev": "5a29c4d3bfdaa9e77ba86d47f22cb116fc6c9d96",
        "type": "github"
      },
      "original": {
        "id": "nixpkgs",
        "type": "indirect"
      }
    },
    "nixpkgsSource": {
      "flake": false,
      "locked": {
        "narHash": "sha256-F5+ESAMGMumeYuBx7qi9YnE9aeRhEE9JTjtvTb30lrQ=",
        "type": "tarball",
        "url": "https://github.com/nixos/nixpkgs/archive/932941b79c3dbbef2de9440e1631dfec43956261.tar.gz"
      },
      "original": {
        "type": "tarball",
        "url": "https://github.com/nixos/nixpkgs/archive/932941b79c3dbbef2de9440e1631dfec43956261.tar.gz"
      }
    },
    "nixpkgsSource2": {
      "flake": false,
      "locked": {
        "narHash": "sha256-g8ZZmGMbEbHuHW7yr86oRdh+7ot+3B5bz28J2WGgT6s=",
        "type": "tarball",
        "url": "https://github.com/nixos/nixpkgs/archive/7138a338b58713e0dea22ddab6a6785abec7376a.tar.gz"
      },
      "original": {
        "type": "tarball",
        "url": "https://github.com/nixos/nixpkgs/archive/7138a338b58713e0dea22ddab6a6785abec7376a.tar.gz"
      }
    },
    "nixpkgsSource3": {
      "flake": false,
      "locked": {
        "narHash": "sha256-GCwsHkzyuUefbsVUGbpWY6mk8Ir71ocZzx3oZIvrLj4=",
        "type": "tarball",
        "url": "https://github.com/nixos/nixpkgs/archive/a1d64d9419422ae9779ab5cada5828127a24e100.tar.gz"
      },
      "original": {
        "type": "tarball",
        "url": "https://github.com/nixos/nixpkgs/archive/a1d64d9419422ae9779ab5cada5828127a24e100.tar.gz"
      }
    },
    "nixpkgs_2": {
      "locked": {
        "lastModified": 1623288349,
        "narHash": "sha256-/jTEXleEvw0XHS4zw16OT514pk7vdZCDW++VxJBpgWg=",
        "owner": "nixos",
        "repo": "nixpkgs",
        "rev": "5a29c4d3bfdaa9e77ba86d47f22cb116fc6c9d96",
        "type": "github"
      },
      "original": {
        "owner": "nixos",
        "repo": "nixpkgs",
        "type": "github"
      }
    },
    "product": {
      "inputs": {
        "flakeCompat": "flakeCompat",
        "nixpkgsSource": "nixpkgsSource",
        "nixpkgsSource2": "nixpkgsSource2",
        "nixpkgsSource3": "nixpkgsSource3"
      },
      "locked": {
        "lastModified": 1623292114,
        "narHash": "sha256-qwBVbabyG4oFWNQcMfDoHwIK+2pR7OTTYDDHash1Hx4=",
        "owner": "fluidattacks",
        "repo": "product",
        "rev": "0abbf2e95c44a6b857ffaadae34b1d84d1e04bb2",
        "type": "gitlab"
      },
      "original": {
        "owner": "fluidattacks",
        "repo": "product",
        "type": "gitlab"
      }
    },
    "root": {
      "inputs": {
        "homeManager": "homeManager",
        "nixpkgs": "nixpkgs_2",
        "product": "product"
      }
    }
  },
  "root": "root",
  "version": 7
}
